version: 1.0
shards:
  autolink:
    github: crystal-community/autolink.cr
    commit: c27212593ce5d7869ed46d656ebbfeff3b7853f2

  baked_file_system:
    github: schovi/baked_file_system
    commit: e1447549d5ac0560720fae62179b2f2c62c9bfd1

  crappy:
    path: ./crappy
    version: 0.1.0

  crecto:
    github: fridgerator/crecto
    version: 0.9.0

  db:
    github: crystal-lang/crystal-db
    version: 0.5.0

  habitat:
    github: luckyframework/habitat
    version: 0.3.0

  kilt:
    github: jeromegn/kilt
    version: 0.4.0

  markd:
    github: icyleaf/markd
    commit: cf15217964779cff3bf5f6da09f313277debe626

  sentry:
    github: hmans/sentry
    version: 0.3.0

  slang:
    github: jeromegn/slang
    version: 1.7.1

  sqlite3:
    github: crystal-lang/crystal-sqlite3
    version: 0.10.0

