version: 1.0
shards:
  crecto:
    github: fridgerator/crecto
    version: 0.8.4

  db:
    github: crystal-lang/crystal-db
    version: 0.5.0

  kemal:
    github: kemalcr/kemal
    version: 0.22.0

  kilt:
    github: jeromegn/kilt
    version: 0.4.0

  markd:
    github: icyleaf/markd
    commit: 9aef8c9d89934d64eb3f576d4b294e6caf2622eb

  radix:
    github: luislavena/radix
    version: 0.3.8

  sentry:
    github: samueleaton/sentry
    version: 0.2.0

  slang:
    github: jeromegn/slang
    version: 1.7.1

  sqlite3:
    github: crystal-lang/crystal-sqlite3
    version: 0.9.0

